// !$*UTF8*$!
{
	archiveVersion = 1;
	classes = {
	};
	objectVersion = 50;
	objects = {

/* Begin PBXBuildFile section */
		733749305C04AFCC0896327A /* Pods_realm_testing.framework in Frameworks */ = {isa = PBXBuildFile; fileRef = 2999DAE045A607EFD32CEFE1 /* Pods_realm_testing.framework */; };
		A491879420AC885A00CF9CC9 /* AppDelegate.swift in Sources */ = {isa = PBXBuildFile; fileRef = A491879320AC885A00CF9CC9 /* AppDelegate.swift */; };
		A491879620AC885A00CF9CC9 /* HomeVC.swift in Sources */ = {isa = PBXBuildFile; fileRef = A491879520AC885A00CF9CC9 /* HomeVC.swift */; };
		A491879920AC885A00CF9CC9 /* Main.storyboard in Resources */ = {isa = PBXBuildFile; fileRef = A491879720AC885A00CF9CC9 /* Main.storyboard */; };
		A491879B20AC885C00CF9CC9 /* Assets.xcassets in Resources */ = {isa = PBXBuildFile; fileRef = A491879A20AC885C00CF9CC9 /* Assets.xcassets */; };
		A491879E20AC885C00CF9CC9 /* LaunchScreen.storyboard in Resources */ = {isa = PBXBuildFile; fileRef = A491879C20AC885C00CF9CC9 /* LaunchScreen.storyboard */; };
		A49187A820AC8B6700CF9CC9 /* Session.swift in Sources */ = {isa = PBXBuildFile; fileRef = A49187A720AC8B6700CF9CC9 /* Session.swift */; };
		A49187AA20AC93C100CF9CC9 /* PersistenceService.swift in Sources */ = {isa = PBXBuildFile; fileRef = A49187A920AC93C100CF9CC9 /* PersistenceService.swift */; };
/* End PBXBuildFile section */

/* Begin PBXFileReference section */
		2999DAE045A607EFD32CEFE1 /* Pods_realm_testing.framework */ = {isa = PBXFileReference; explicitFileType = wrapper.framework; includeInIndex = 0; path = Pods_realm_testing.framework; sourceTree = BUILT_PRODUCTS_DIR; };
		9F472109CEC1C0C9B2CC1250 /* Pods-realm-testing.debug.xcconfig */ = {isa = PBXFileReference; includeInIndex = 1; lastKnownFileType = text.xcconfig; name = "Pods-realm-testing.debug.xcconfig"; path = "Pods/Target Support Files/Pods-realm-testing/Pods-realm-testing.debug.xcconfig"; sourceTree = "<group>"; };
		A491879020AC885A00CF9CC9 /* realm-testing.app */ = {isa = PBXFileReference; explicitFileType = wrapper.application; includeInIndex = 0; path = "realm-testing.app"; sourceTree = BUILT_PRODUCTS_DIR; };
		A491879320AC885A00CF9CC9 /* AppDelegate.swift */ = {isa = PBXFileReference; lastKnownFileType = sourcecode.swift; path = AppDelegate.swift; sourceTree = "<group>"; };
		A491879520AC885A00CF9CC9 /* HomeVC.swift */ = {isa = PBXFileReference; lastKnownFileType = sourcecode.swift; path = HomeVC.swift; sourceTree = "<group>"; };
		A491879820AC885A00CF9CC9 /* Base */ = {isa = PBXFileReference; lastKnownFileType = file.storyboard; name = Base; path = Base.lproj/Main.storyboard; sourceTree = "<group>"; };
		A491879A20AC885C00CF9CC9 /* Assets.xcassets */ = {isa = PBXFileReference; lastKnownFileType = folder.assetcatalog; path = Assets.xcassets; sourceTree = "<group>"; };
		A491879D20AC885C00CF9CC9 /* Base */ = {isa = PBXFileReference; lastKnownFileType = file.storyboard; name = Base; path = Base.lproj/LaunchScreen.storyboard; sourceTree = "<group>"; };
		A491879F20AC885C00CF9CC9 /* Info.plist */ = {isa = PBXFileReference; lastKnownFileType = text.plist.xml; path = Info.plist; sourceTree = "<group>"; };
		A49187A720AC8B6700CF9CC9 /* Session.swift */ = {isa = PBXFileReference; lastKnownFileType = sourcecode.swift; path = Session.swift; sourceTree = "<group>"; };
		A49187A920AC93C100CF9CC9 /* PersistenceService.swift */ = {isa = PBXFileReference; lastKnownFileType = sourcecode.swift; path = PersistenceService.swift; sourceTree = "<group>"; };
		C1CFE2148B44E438559E432F /* Pods-realm-testing.release.xcconfig */ = {isa = PBXFileReference; includeInIndex = 1; lastKnownFileType = text.xcconfig; name = "Pods-realm-testing.release.xcconfig"; path = "Pods/Target Support Files/Pods-realm-testing/Pods-realm-testing.release.xcconfig"; sourceTree = "<group>"; };
/* End PBXFileReference section */

/* Begin PBXFrameworksBuildPhase section */
		A491878D20AC885A00CF9CC9 /* Frameworks */ = {
			isa = PBXFrameworksBuildPhase;
			buildActionMask = 2147483647;
			files = (
				733749305C04AFCC0896327A /* Pods_realm_testing.framework in Frameworks */,
			);
			runOnlyForDeploymentPostprocessing = 0;
		};
/* End PBXFrameworksBuildPhase section */

/* Begin PBXGroup section */
		7E735A23BCB3BCE988AFC007 /* Pods */ = {
			isa = PBXGroup;
			children = (
				9F472109CEC1C0C9B2CC1250 /* Pods-realm-testing.debug.xcconfig */,
				C1CFE2148B44E438559E432F /* Pods-realm-testing.release.xcconfig */,
			);
			name = Pods;
			sourceTree = "<group>";
		};
		A491878720AC885A00CF9CC9 = {
			isa = PBXGroup;
			children = (
				A491879220AC885A00CF9CC9 /* realm-testing */,
				A491879120AC885A00CF9CC9 /* Products */,
				7E735A23BCB3BCE988AFC007 /* Pods */,
				AD1C2C04713F3ED398D764F8 /* Frameworks */,
			);
			sourceTree = "<group>";
		};
		A491879120AC885A00CF9CC9 /* Products */ = {
			isa = PBXGroup;
			children = (
				A491879020AC885A00CF9CC9 /* realm-testing.app */,
			);
			name = Products;
			sourceTree = "<group>";
		};
		A491879220AC885A00CF9CC9 /* realm-testing */ = {
			isa = PBXGroup;
			children = (
				A49187A620AC8B3A00CF9CC9 /* Models */,
				A49187A520AC8A9100CF9CC9 /* Services */,
				A491879320AC885A00CF9CC9 /* AppDelegate.swift */,
				A491879520AC885A00CF9CC9 /* HomeVC.swift */,
				A491879720AC885A00CF9CC9 /* Main.storyboard */,
				A491879A20AC885C00CF9CC9 /* Assets.xcassets */,
				A491879C20AC885C00CF9CC9 /* LaunchScreen.storyboard */,
				A491879F20AC885C00CF9CC9 /* Info.plist */,
			);
			path = "realm-testing";
			sourceTree = "<group>";
		};
		A49187A520AC8A9100CF9CC9 /* Services */ = {
			isa = PBXGroup;
			children = (
				A49187A920AC93C100CF9CC9 /* PersistenceService.swift */,
			);
			path = Services;
			sourceTree = "<group>";
		};
		A49187A620AC8B3A00CF9CC9 /* Models */ = {
			isa = PBXGroup;
			children = (
				A49187A720AC8B6700CF9CC9 /* Session.swift */,
			);
			path = Models;
			sourceTree = "<group>";
		};
		AD1C2C04713F3ED398D764F8 /* Frameworks */ = {
			isa = PBXGroup;
			children = (
				2999DAE045A607EFD32CEFE1 /* Pods_realm_testing.framework */,
			);
			name = Frameworks;
			sourceTree = "<group>";
		};
/* End PBXGroup section */

/* Begin PBXNativeTarget section */
		A491878F20AC885A00CF9CC9 /* realm-testing */ = {
			isa = PBXNativeTarget;
			buildConfigurationList = A49187A220AC885C00CF9CC9 /* Build configuration list for PBXNativeTarget "realm-testing" */;
			buildPhases = (
				7A0D3507525199EB35D24E81 /* [CP] Check Pods Manifest.lock */,
				A491878C20AC885A00CF9CC9 /* Sources */,
				A491878D20AC885A00CF9CC9 /* Frameworks */,
				A491878E20AC885A00CF9CC9 /* Resources */,
				3BADB6EF0B6C454076FCA28C /* [CP] Embed Pods Frameworks */,
			);
			buildRules = (
			);
			dependencies = (
			);
			name = "realm-testing";
			productName = "realm-testing";
			productReference = A491879020AC885A00CF9CC9 /* realm-testing.app */;
			productType = "com.apple.product-type.application";
		};
/* End PBXNativeTarget section */

/* Begin PBXProject section */
		A491878820AC885A00CF9CC9 /* Project object */ = {
			isa = PBXProject;
			attributes = {
				LastSwiftUpdateCheck = 0930;
				LastUpgradeCheck = 0930;
				ORGANIZATIONNAME = "Alex Constantine";
				TargetAttributes = {
					A491878F20AC885A00CF9CC9 = {
						CreatedOnToolsVersion = 9.3.1;
					};
				};
			};
			buildConfigurationList = A491878B20AC885A00CF9CC9 /* Build configuration list for PBXProject "realm-testing" */;
			compatibilityVersion = "Xcode 9.3";
			developmentRegion = en;
			hasScannedForEncodings = 0;
			knownRegions = (
				en,
				Base,
			);
			mainGroup = A491878720AC885A00CF9CC9;
			productRefGroup = A491879120AC885A00CF9CC9 /* Products */;
			projectDirPath = "";
			projectRoot = "";
			targets = (
				A491878F20AC885A00CF9CC9 /* realm-testing */,
			);
		};
/* End PBXProject section */

/* Begin PBXResourcesBuildPhase section */
		A491878E20AC885A00CF9CC9 /* Resources */ = {
			isa = PBXResourcesBuildPhase;
			buildActionMask = 2147483647;
			files = (
				A491879E20AC885C00CF9CC9 /* LaunchScreen.storyboard in Resources */,
				A491879B20AC885C00CF9CC9 /* Assets.xcassets in Resources */,
				A491879920AC885A00CF9CC9 /* Main.storyboard in Resources */,
			);
			runOnlyForDeploymentPostprocessing = 0;
		};
/* End PBXResourcesBuildPhase section */

/* Begin PBXShellScriptBuildPhase section */
		3BADB6EF0B6C454076FCA28C /* [CP] Embed Pods Frameworks */ = {
			isa = PBXShellScriptBuildPhase;
			buildActionMask = 2147483647;
			files = (
			);
			inputPaths = (
				"${SRCROOT}/Pods/Target Support Files/Pods-realm-testing/Pods-realm-testing-frameworks.sh",
				"${BUILT_PRODUCTS_DIR}/Realm/Realm.framework",
				"${BUILT_PRODUCTS_DIR}/RealmSwift/RealmSwift.framework",
			);
			name = "[CP] Embed Pods Frameworks";
			outputPaths = (
				"${TARGET_BUILD_DIR}/${FRAMEWORKS_FOLDER_PATH}/Realm.framework",
				"${TARGET_BUILD_DIR}/${FRAMEWORKS_FOLDER_PATH}/RealmSwift.framework",
			);
			runOnlyForDeploymentPostprocessing = 0;
			shellPath = /bin/sh;
			shellScript = "\"${SRCROOT}/Pods/Target Support Files/Pods-realm-testing/Pods-realm-testing-frameworks.sh\"\n";
			showEnvVarsInLog = 0;
		};
		7A0D3507525199EB35D24E81 /* [CP] Check Pods Manifest.lock */ = {
			isa = PBXShellScriptBuildPhase;
			buildActionMask = 2147483647;
			files = (
			);
			inputPaths = (
				"${PODS_PODFILE_DIR_PATH}/Podfile.lock",
				"${PODS_ROOT}/Manifest.lock",
			);
			name = "[CP] Check Pods Manifest.lock";
			outputPaths = (
				"$(DERIVED_FILE_DIR)/Pods-realm-testing-checkManifestLockResult.txt",
			);
			runOnlyForDeploymentPostprocessing = 0;
			shellPath = /bin/sh;
			shellScript = "diff \"${PODS_PODFILE_DIR_PATH}/Podfile.lock\" \"${PODS_ROOT}/Manifest.lock\" > /dev/null\nif [ $? != 0 ] ; then\n    # print error to STDERR\n    echo \"error: The sandbox is not in sync with the Podfile.lock. Run 'pod install' or update your CocoaPods installation.\" >&2\n    exit 1\nfi\n# This output is used by Xcode 'outputs' to avoid re-running this script phase.\necho \"SUCCESS\" > \"${SCRIPT_OUTPUT_FILE_0}\"\n";
			showEnvVarsInLog = 0;
		};
/* End PBXShellScriptBuildPhase section */

/* Begin PBXSourcesBuildPhase section */
		A491878C20AC885A00CF9CC9 /* Sources */ = {
			isa = PBXSourcesBuildPhase;
			buildActionMask = 2147483647;
			files = (
				A491879620AC885A00CF9CC9 /* HomeVC.swift in Sources */,
				A49187AA20AC93C100CF9CC9 /* PersistenceService.swift in Sources */,
				A491879420AC885A00CF9CC9 /* AppDelegate.swift in Sources */,
				A49187A820AC8B6700CF9CC9 /* Session.swift in Sources */,
			);
			runOnlyForDeploymentPostprocessing = 0;
		};
/* End PBXSourcesBuildPhase section */

/* Begin PBXVariantGroup section */
		A491879720AC885A00CF9CC9 /* Main.storyboard */ = {
			isa = PBXVariantGroup;
			children = (
				A491879820AC885A00CF9CC9 /* Base */,
			);
			name = Main.storyboard;
			sourceTree = "<group>";
		};
		A491879C20AC885C00CF9CC9 /* LaunchScreen.storyboard */ = {
			isa = PBXVariantGroup;
			children = (
				A491879D20AC885C00CF9CC9 /* Base */,
			);
			name = LaunchScreen.storyboard;
			sourceTree = "<group>";
		};
/* End PBXVariantGroup section */

/* Begin XCBuildConfiguration section */
		A49187A020AC885C00CF9CC9 /* Debug */ = {
			isa = XCBuildConfiguration;
			buildSettings = {
				ALWAYS_SEARCH_USER_PATHS = NO;
				CLANG_ANALYZER_NONNULL = YES;
				CLANG_ANALYZER_NUMBER_OBJECT_CONVERSION = YES_AGGRESSIVE;
				CLANG_CXX_LANGUAGE_STANDARD = "gnu++14";
				CLANG_CXX_LIBRARY = "libc++";
				CLANG_ENABLE_MODULES = YES;
				CLANG_ENABLE_OBJC_ARC = YES;
				CLANG_ENABLE_OBJC_WEAK = YES;
				CLANG_WARN_BLOCK_CAPTURE_AUTORELEASING = YES;
				CLANG_WARN_BOOL_CONVERSION = YES;
				CLANG_WARN_COMMA = YES;
				CLANG_WARN_CONSTANT_CONVERSION = YES;
				CLANG_WARN_DEPRECATED_OBJC_IMPLEMENTATIONS = YES;
				CLANG_WARN_DIRECT_OBJC_ISA_USAGE = YES_ERROR;
				CLANG_WARN_DOCUMENTATION_COMMENTS = YES;
				CLANG_WARN_EMPTY_BODY = YES;
				CLANG_WARN_ENUM_CONVERSION = YES;
				CLANG_WARN_INFINITE_RECURSION = YES;
				CLANG_WARN_INT_CONVERSION = YES;
				CLANG_WARN_NON_LITERAL_NULL_CONVERSION = YES;
				CLANG_WARN_OBJC_IMPLICIT_RETAIN_SELF = YES;
				CLANG_WARN_OBJC_LITERAL_CONVERSION = YES;
				CLANG_WARN_OBJC_ROOT_CLASS = YES_ERROR;
				CLANG_WARN_RANGE_LOOP_ANALYSIS = YES;
				CLANG_WARN_STRICT_PROTOTYPES = YES;
				CLANG_WARN_SUSPICIOUS_MOVE = YES;
				CLANG_WARN_UNGUARDED_AVAILABILITY = YES_AGGRESSIVE;
				CLANG_WARN_UNREACHABLE_CODE = YES;
				CLANG_WARN__DUPLICATE_METHOD_MATCH = YES;
				CODE_SIGN_IDENTITY = "iPhone Developer";
				COPY_PHASE_STRIP = NO;
				DEBUG_INFORMATION_FORMAT = dwarf;
				ENABLE_STRICT_OBJC_MSGSEND = YES;
				ENABLE_TESTABILITY = YES;
				GCC_C_LANGUAGE_STANDARD = gnu11;
				GCC_DYNAMIC_NO_PIC = NO;
				GCC_NO_COMMON_BLOCKS = YES;
				GCC_OPTIMIZATION_LEVEL = 0;
				GCC_PREPROCESSOR_DEFINITIONS = (
					"DEBUG=1",
					"$(inherited)",
				);
				GCC_WARN_64_TO_32_BIT_CONVERSION = YES;
				GCC_WARN_ABOUT_RETURN_TYPE = YES_ERROR;
				GCC_WARN_UNDECLARED_SELECTOR = YES;
				GCC_WARN_UNINITIALIZED_AUTOS = YES_AGGRESSIVE;
				GCC_WARN_UNUSED_FUNCTION = YES;
				GCC_WARN_UNUSED_VARIABLE = YES;
				IPHONEOS_DEPLOYMENT_TARGET = 11.3;
				MTL_ENABLE_DEBUG_INFO = YES;
				ONLY_ACTIVE_ARCH = YES;
				SDKROOT = iphoneos;
				SWIFT_ACTIVE_COMPILATION_CONDITIONS = DEBUG;
				SWIFT_OPTIMIZATION_LEVEL = "-Onone";
			};
			name = Debug;
		};
		A49187A120AC885C00CF9CC9 /* Release */ = {
			isa = XCBuildConfiguration;
			buildSettings = {
				ALWAYS_SEARCH_USER_PATHS = NO;
				CLANG_ANALYZER_NONNULL = YES;
				CLANG_ANALYZER_NUMBER_OBJECT_CONVERSION = YES_AGGRESSIVE;
				CLANG_CXX_LANGUAGE_STANDARD = "gnu++14";
				CLANG_CXX_LIBRARY = "libc++";
				CLANG_ENABLE_MODULES = YES;
				CLANG_ENABLE_OBJC_ARC = YES;
				CLANG_ENABLE_OBJC_WEAK = YES;
				CLANG_WARN_BLOCK_CAPTURE_AUTORELEASING = YES;
				CLANG_WARN_BOOL_CONVERSION = YES;
				CLANG_WARN_COMMA = YES;
				CLANG_WARN_CONSTANT_CONVERSION = YES;
				CLANG_WARN_DEPRECATED_OBJC_IMPLEMENTATIONS = YES;
				CLANG_WARN_DIRECT_OBJC_ISA_USAGE = YES_ERROR;
				CLANG_WARN_DOCUMENTATION_COMMENTS = YES;
				CLANG_WARN_EMPTY_BODY = YES;
				CLANG_WARN_ENUM_CONVERSION = YES;
				CLANG_WARN_INFINITE_RECURSION = YES;
				CLANG_WARN_INT_CONVERSION = YES;
				CLANG_WARN_NON_LITERAL_NULL_CONVERSION = YES;
				CLANG_WARN_OBJC_IMPLICIT_RETAIN_SELF = YES;
				CLANG_WARN_OBJC_LITERAL_CONVERSION = YES;
				CLANG_WARN_OBJC_ROOT_CLASS = YES_ERROR;
				CLANG_WARN_RANGE_LOOP_ANALYSIS = YES;
				CLANG_WARN_STRICT_PROTOTYPES = YES;
				CLANG_WARN_SUSPICIOUS_MOVE = YES;
				CLANG_WARN_UNGUARDED_AVAILABILITY = YES_AGGRESSIVE;
				CLANG_WARN_UNREACHABLE_CODE = YES;
				CLANG_WARN__DUPLICATE_METHOD_MATCH = YES;
				CODE_SIGN_IDENTITY = "iPhone Developer";
				COPY_PHASE_STRIP = NO;
				DEBUG_INFORMATION_FORMAT = "dwarf-with-dsym";
				ENABLE_NS_ASSERTIONS = NO;
				ENABLE_STRICT_OBJC_MSGSEND = YES;
				GCC_C_LANGUAGE_STANDARD = gnu11;
				GCC_NO_COMMON_BLOCKS = YES;
				GCC_WARN_64_TO_32_BIT_CONVERSION = YES;
				GCC_WARN_ABOUT_RETURN_TYPE = YES_ERROR;
				GCC_WARN_UNDECLARED_SELECTOR = YES;
				GCC_WARN_UNINITIALIZED_AUTOS = YES_AGGRESSIVE;
				GCC_WARN_UNUSED_FUNCTION = YES;
				GCC_WARN_UNUSED_VARIABLE = YES;
				IPHONEOS_DEPLOYMENT_TARGET = 11.3;
				MTL_ENABLE_DEBUG_INFO = NO;
				SDKROOT = iphoneos;
				SWIFT_COMPILATION_MODE = wholemodule;
				SWIFT_OPTIMIZATION_LEVEL = "-O";
				VALIDATE_PRODUCT = YES;
			};
			name = Release;
		};
		A49187A320AC885C00CF9CC9 /* Debug */ = {
			isa = XCBuildConfiguration;
			baseConfigurationReference = 9F472109CEC1C0C9B2CC1250 /* Pods-realm-testing.debug.xcconfig */;
			buildSettings = {
				ASSETCATALOG_COMPILER_APPICON_NAME = AppIcon;
				CODE_SIGN_STYLE = Automatic;
				DEVELOPMENT_TEAM = 6H3MF736FD;
				INFOPLIST_FILE = "realm-testing/Info.plist";
				LD_RUNPATH_SEARCH_PATHS = (
					"$(inherited)",
					"@executable_path/Frameworks",
				);
				PRODUCT_BUNDLE_IDENTIFIER = "com.alexconstantine.realm-testing";
				PRODUCT_NAME = "$(TARGET_NAME)";
				SWIFT_VERSION = 4.0;
				TARGETED_DEVICE_FAMILY = "1,2";
			};
			name = Debug;
		};
		A49187A420AC885C00CF9CC9 /* Release */ = {
			isa = XCBuildConfiguration;
			baseConfigurationReference = C1CFE2148B44E438559E432F /* Pods-realm-testing.release.xcconfig */;
			buildSettings = {
				ASSETCATALOG_COMPILER_APPICON_NAME = AppIcon;
				CODE_SIGN_STYLE = Automatic;
				DEVELOPMENT_TEAM = 6H3MF736FD;
				INFOPLIST_FILE = "realm-testing/Info.plist";
				LD_RUNPATH_SEARCH_PATHS = (
					"$(inherited)",
					"@executable_path/Frameworks",
				);
				PRODUCT_BUNDLE_IDENTIFIER = "com.alexconstantine.realm-testing";
				PRODUCT_NAME = "$(TARGET_NAME)";
				SWIFT_VERSION = 4.0;
				TARGETED_DEVICE_FAMILY = "1,2";
			};
			name = Release;
		};
/* End XCBuildConfiguration section */

/* Begin XCConfigurationList section */
		A491878B20AC885A00CF9CC9 /* Build configuration list for PBXProject "realm-testing" */ = {
			isa = XCConfigurationList;
			buildConfigurations = (
				A49187A020AC885C00CF9CC9 /* Debug */,
				A49187A120AC885C00CF9CC9 /* Release */,
			);
			defaultConfigurationIsVisible = 0;
			defaultConfigurationName = Release;
		};
		A49187A220AC885C00CF9CC9 /* Build configuration list for PBXNativeTarget "realm-testing" */ = {
			isa = XCConfigurationList;
			buildConfigurations = (
				A49187A320AC885C00CF9CC9 /* Debug */,
				A49187A420AC885C00CF9CC9 /* Release */,
			);
			defaultConfigurationIsVisible = 0;
			defaultConfigurationName = Release;
		};
/* End XCConfigurationList section */
	};
	rootObject = A491878820AC885A00CF9CC9 /* Project object */;
}
